
Microsoft Visual Studio Solution File, Format Version 12.00
# Visual Studio Version 16
VisualStudioVersion = 16.0.32106.194
MinimumVisualStudioVersion = 10.0.40219.1
Project("{FAE04EC0-301F-11D3-BF4B-00C04F79EFBC}") = "16iyun", "13iyun\16iyun.csproj", "{03487A02-6F8F-4B95-A764-E392225F1B52}"
EndProject
Global
	GlobalSection(SolutionConfigurationPlatforms) = preSolution
		Debug|Any CPU = Debug|Any CPU
		Release|Any CPU = Release|Any CPU
	EndGlobalSection
	GlobalSection(ProjectConfigurationPlatforms) = postSolution
		{03487A02-6F8F-4B95-A764-E392225F1B52}.Debug|Any CPU.ActiveCfg = Debug|Any CPU
		{03487A02-6F8F-4B95-A764-E392225F1B52}.Debug|Any CPU.Build.0 = Debug|Any CPU
		{03487A02-6F8F-4B95-A764-E392225F1B52}.Release|Any CPU.ActiveCfg = Release|Any CPU
		{03487A02-6F8F-4B95-A764-E392225F1B52}.Release|Any CPU.Build.0 = Release|Any CPU
	EndGlobalSection
	GlobalSection(SolutionProperties) = preSolution
		HideSolutionNode = FALSE
	EndGlobalSection
	GlobalSection(ExtensibilityGlobals) = postSolution
		SolutionGuid = {C2D0E331-39BD-40C6-A710-1F8B72CDCE7F}
	EndGlobalSection
EndGlobal
